
Microsoft Visual Studio Solution File, Format Version 12.00
# Visual Studio Version 16
VisualStudioVersion = 16.0.30114.105
MinimumVisualStudioVersion = 10.0.40219.1
Project("{FAE04EC0-301F-11D3-BF4B-00C04F79EFBC}") = "7.2", "7.2\7.2.csproj", "{C7BDA479-0239-45C6-A883-A1BA95395B79}"
EndProject
Global
	GlobalSection(SolutionConfigurationPlatforms) = preSolution
		Debug|Any CPU = Debug|Any CPU
		Release|Any CPU = Release|Any CPU
	EndGlobalSection
	GlobalSection(ProjectConfigurationPlatforms) = postSolution
		{C7BDA479-0239-45C6-A883-A1BA95395B79}.Debug|Any CPU.ActiveCfg = Debug|Any CPU
		{C7BDA479-0239-45C6-A883-A1BA95395B79}.Debug|Any CPU.Build.0 = Debug|Any CPU
		{C7BDA479-0239-45C6-A883-A1BA95395B79}.Release|Any CPU.ActiveCfg = Release|Any CPU
		{C7BDA479-0239-45C6-A883-A1BA95395B79}.Release|Any CPU.Build.0 = Release|Any CPU
	EndGlobalSection
	GlobalSection(SolutionProperties) = preSolution
		HideSolutionNode = FALSE
	EndGlobalSection
	GlobalSection(ExtensibilityGlobals) = postSolution
		SolutionGuid = {1AD6EC1F-BCCE-4F8A-B2B7-937D5A078C33}
	EndGlobalSection
EndGlobal
